
Microsoft Visual Studio Solution File, Format Version 12.00
# Visual Studio Version 17
VisualStudioVersion = 17.2.32630.192
MinimumVisualStudioVersion = 10.0.40219.1
Project("{FAE04EC0-301F-11D3-BF4B-00C04F79EFBC}") = "FinalExam_Ali", "FinalExam_Ali\FinalExam_Ali.csproj", "{3CEF655E-14E5-44AA-ADE9-2B4CAFB56EC1}"
EndProject
Global
	GlobalSection(SolutionConfigurationPlatforms) = preSolution
		Debug|Any CPU = Debug|Any CPU
		Release|Any CPU = Release|Any CPU
	EndGlobalSection
	GlobalSection(ProjectConfigurationPlatforms) = postSolution
		{3CEF655E-14E5-44AA-ADE9-2B4CAFB56EC1}.Debug|Any CPU.ActiveCfg = Debug|Any CPU
		{3CEF655E-14E5-44AA-ADE9-2B4CAFB56EC1}.Debug|Any CPU.Build.0 = Debug|Any CPU
		{3CEF655E-14E5-44AA-ADE9-2B4CAFB56EC1}.Release|Any CPU.ActiveCfg = Release|Any CPU
		{3CEF655E-14E5-44AA-ADE9-2B4CAFB56EC1}.Release|Any CPU.Build.0 = Release|Any CPU
	EndGlobalSection
	GlobalSection(SolutionProperties) = preSolution
		HideSolutionNode = FALSE
	EndGlobalSection
	GlobalSection(ExtensibilityGlobals) = postSolution
		SolutionGuid = {91F8BECB-36BB-44A2-9A79-4B75AA4EC6DC}
	EndGlobalSection
EndGlobal
